
Microsoft Visual Studio Solution File, Format Version 12.00
# Visual Studio Version 17
VisualStudioVersion = 17.4.33213.308
MinimumVisualStudioVersion = 10.0.40219.1
Project("{9A19103F-16F7-4668-BE54-9A1E7A4F7556}") = "OpenLibraryInterface", "LibInterfaceMVVM\OpenLibraryInterface.csproj", "{7A60FC12-62F7-4390-8B76-990BCBBD71AF}"
EndProject
Project("{FAE04EC0-301F-11D3-BF4B-00C04F79EFBC}") = "OpenLibraryAPI", "OpenLibraryAPI\OpenLibraryAPI.csproj", "{C2B16A4E-4FA9-4374-93DB-FE1CF23A10CD}"
EndProject
Project("{FAE04EC0-301F-11D3-BF4B-00C04F79EFBC}") = "OpenLibraryAPI.Tests", "OpenLibraryAPI.Tests\OpenLibraryAPI.Tests.csproj", "{0675C1BE-E3D0-408F-9915-17A4979F4364}"
EndProject
Global
	GlobalSection(SolutionConfigurationPlatforms) = preSolution
		Debug|Any CPU = Debug|Any CPU
		Release|Any CPU = Release|Any CPU
	EndGlobalSection
	GlobalSection(ProjectConfigurationPlatforms) = postSolution
		{7A60FC12-62F7-4390-8B76-990BCBBD71AF}.Debug|Any CPU.ActiveCfg = Debug|Any CPU
		{7A60FC12-62F7-4390-8B76-990BCBBD71AF}.Debug|Any CPU.Build.0 = Debug|Any CPU
		{7A60FC12-62F7-4390-8B76-990BCBBD71AF}.Release|Any CPU.ActiveCfg = Release|Any CPU
		{7A60FC12-62F7-4390-8B76-990BCBBD71AF}.Release|Any CPU.Build.0 = Release|Any CPU
		{C2B16A4E-4FA9-4374-93DB-FE1CF23A10CD}.Debug|Any CPU.ActiveCfg = Debug|Any CPU
		{C2B16A4E-4FA9-4374-93DB-FE1CF23A10CD}.Debug|Any CPU.Build.0 = Debug|Any CPU
		{C2B16A4E-4FA9-4374-93DB-FE1CF23A10CD}.Release|Any CPU.ActiveCfg = Release|Any CPU
		{C2B16A4E-4FA9-4374-93DB-FE1CF23A10CD}.Release|Any CPU.Build.0 = Release|Any CPU
		{0675C1BE-E3D0-408F-9915-17A4979F4364}.Debug|Any CPU.ActiveCfg = Debug|Any CPU
		{0675C1BE-E3D0-408F-9915-17A4979F4364}.Debug|Any CPU.Build.0 = Debug|Any CPU
		{0675C1BE-E3D0-408F-9915-17A4979F4364}.Release|Any CPU.ActiveCfg = Release|Any CPU
		{0675C1BE-E3D0-408F-9915-17A4979F4364}.Release|Any CPU.Build.0 = Release|Any CPU
	EndGlobalSection
	GlobalSection(SolutionProperties) = preSolution
		HideSolutionNode = FALSE
	EndGlobalSection
	GlobalSection(ExtensibilityGlobals) = postSolution
		SolutionGuid = {413CF14C-21D2-4029-83AC-1BA5B70AED71}
	EndGlobalSection
EndGlobal
